
Microsoft Visual Studio Solution File, Format Version 12.00
# Visual Studio Version 16
VisualStudioVersion = 16.0.31702.278
MinimumVisualStudioVersion = 10.0.40219.1
Project("{9A19103F-16F7-4668-BE54-9A1E7A4F7556}") = "PlatformService", "PlatformService\PlatformService.csproj", "{23BB7CCA-0945-4A6E-8BEB-5063907DAAC5}"
EndProject
Global
	GlobalSection(SolutionConfigurationPlatforms) = preSolution
		Debug|Any CPU = Debug|Any CPU
		Release|Any CPU = Release|Any CPU
	EndGlobalSection
	GlobalSection(ProjectConfigurationPlatforms) = postSolution
		{23BB7CCA-0945-4A6E-8BEB-5063907DAAC5}.Debug|Any CPU.ActiveCfg = Debug|Any CPU
		{23BB7CCA-0945-4A6E-8BEB-5063907DAAC5}.Debug|Any CPU.Build.0 = Debug|Any CPU
		{23BB7CCA-0945-4A6E-8BEB-5063907DAAC5}.Release|Any CPU.ActiveCfg = Release|Any CPU
		{23BB7CCA-0945-4A6E-8BEB-5063907DAAC5}.Release|Any CPU.Build.0 = Release|Any CPU
	EndGlobalSection
	GlobalSection(SolutionProperties) = preSolution
		HideSolutionNode = FALSE
	EndGlobalSection
	GlobalSection(ExtensibilityGlobals) = postSolution
		SolutionGuid = {22ED8E70-AC8E-4D7D-9591-97361822DAAC}
	EndGlobalSection
EndGlobal
